
Microsoft Visual Studio Solution File, Format Version 12.00
# Visual Studio Version 17
VisualStudioVersion = 17.5.002.0
MinimumVisualStudioVersion = 10.0.40219.1
Project("{9A19103F-16F7-4668-BE54-9A1E7A4F7556}") = "TrafficLight", "TrafficLight\TrafficLight.csproj", "{B250816D-E99E-4058-9132-D1A577655F49}"
EndProject
Global
	GlobalSection(SolutionConfigurationPlatforms) = preSolution
		Debug|Any CPU = Debug|Any CPU
		Release|Any CPU = Release|Any CPU
	EndGlobalSection
	GlobalSection(ProjectConfigurationPlatforms) = postSolution
		{B250816D-E99E-4058-9132-D1A577655F49}.Debug|Any CPU.ActiveCfg = Debug|Any CPU
		{B250816D-E99E-4058-9132-D1A577655F49}.Debug|Any CPU.Build.0 = Debug|Any CPU
		{B250816D-E99E-4058-9132-D1A577655F49}.Release|Any CPU.ActiveCfg = Release|Any CPU
		{B250816D-E99E-4058-9132-D1A577655F49}.Release|Any CPU.Build.0 = Release|Any CPU
	EndGlobalSection
	GlobalSection(SolutionProperties) = preSolution
		HideSolutionNode = FALSE
	EndGlobalSection
	GlobalSection(ExtensibilityGlobals) = postSolution
		SolutionGuid = {6DDA309D-7B6D-42C5-A71E-F8850E46B77B}
	EndGlobalSection
EndGlobal
